// !$*UTF8*$!
{
	archiveVersion = 1;
	classes = {
	};
	objectVersion = 46;
	objects = {

/* Begin PBXBuildFile section */
		802027381EC1E1EA0084C8AF /* AppDelegate.swift in Sources */ = {isa = PBXBuildFile; fileRef = 802027371EC1E1EA0084C8AF /* AppDelegate.swift */; };
		8020273A1EC1E1EA0084C8AF /* ViewController.swift in Sources */ = {isa = PBXBuildFile; fileRef = 802027391EC1E1EA0084C8AF /* ViewController.swift */; };
		8020273D1EC1E1EA0084C8AF /* Main.storyboard in Resources */ = {isa = PBXBuildFile; fileRef = 8020273B1EC1E1EA0084C8AF /* Main.storyboard */; };
		8020273F1EC1E1EA0084C8AF /* Assets.xcassets in Resources */ = {isa = PBXBuildFile; fileRef = 8020273E1EC1E1EA0084C8AF /* Assets.xcassets */; };
		802027421EC1E1EA0084C8AF /* LaunchScreen.storyboard in Resources */ = {isa = PBXBuildFile; fileRef = 802027401EC1E1EA0084C8AF /* LaunchScreen.storyboard */; };
/* End PBXBuildFile section */

/* Begin PBXFileReference section */
		802027341EC1E1EA0084C8AF /* Alert Test.app */ = {isa = PBXFileReference; explicitFileType = wrapper.application; includeInIndex = 0; path = "Alert Test.app"; sourceTree = BUILT_PRODUCTS_DIR; };
		802027371EC1E1EA0084C8AF /* AppDelegate.swift */ = {isa = PBXFileReference; lastKnownFileType = sourcecode.swift; path = AppDelegate.swift; sourceTree = "<group>"; };
		802027391EC1E1EA0084C8AF /* ViewController.swift */ = {isa = PBXFileReference; lastKnownFileType = sourcecode.swift; path = ViewController.swift; sourceTree = "<group>"; };
		8020273C1EC1E1EA0084C8AF /* Base */ = {isa = PBXFileReference; lastKnownFileType = file.storyboard; name = Base; path = Base.lproj/Main.storyboard; sourceTree = "<group>"; };
		8020273E1EC1E1EA0084C8AF /* Assets.xcassets */ = {isa = PBXFileReference; lastKnownFileType = folder.assetcatalog; path = Assets.xcassets; sourceTree = "<group>"; };
		802027411EC1E1EA0084C8AF /* Base */ = {isa = PBXFileReference; lastKnownFileType = file.storyboard; name = Base; path = Base.lproj/LaunchScreen.storyboard; sourceTree = "<group>"; };
		802027431EC1E1EA0084C8AF /* Info.plist */ = {isa = PBXFileReference; lastKnownFileType = text.plist.xml; path = Info.plist; sourceTree = "<group>"; };
/* End PBXFileReference section */

/* Begin PBXFrameworksBuildPhase section */
		802027311EC1E1EA0084C8AF /* Frameworks */ = {
			isa = PBXFrameworksBuildPhase;
			buildActionMask = 2147483647;
			files = (
			);
			runOnlyForDeploymentPostprocessing = 0;
		};
/* End PBXFrameworksBuildPhase section */

/* Begin PBXGroup section */
		8020272B1EC1E1EA0084C8AF = {
			isa = PBXGroup;
			children = (
				802027361EC1E1EA0084C8AF /* Alert Test */,
				802027351EC1E1EA0084C8AF /* Products */,
			);
			sourceTree = "<group>";
		};
		802027351EC1E1EA0084C8AF /* Products */ = {
			isa = PBXGroup;
			children = (
				802027341EC1E1EA0084C8AF /* Alert Test.app */,
			);
			name = Products;
			sourceTree = "<group>";
		};
		802027361EC1E1EA0084C8AF /* Alert Test */ = {
			isa = PBXGroup;
			children = (
				802027371EC1E1EA0084C8AF /* AppDelegate.swift */,
				802027391EC1E1EA0084C8AF /* ViewController.swift */,
				8020273B1EC1E1EA0084C8AF /* Main.storyboard */,
				8020273E1EC1E1EA0084C8AF /* Assets.xcassets */,
				802027401EC1E1EA0084C8AF /* LaunchScreen.storyboard */,
				802027431EC1E1EA0084C8AF /* Info.plist */,
			);
			path = "Alert Test";
			sourceTree = "<group>";
		};
/* End PBXGroup section */

/* Begin PBXNativeTarget section */
		802027331EC1E1EA0084C8AF /* Alert Test */ = {
			isa = PBXNativeTarget;
			buildConfigurationList = 802027461EC1E1EA0084C8AF /* Build configuration list for PBXNativeTarget "Alert Test" */;
			buildPhases = (
				802027301EC1E1EA0084C8AF /* Sources */,
				802027311EC1E1EA0084C8AF /* Frameworks */,
				802027321EC1E1EA0084C8AF /* Resources */,
			);
			buildRules = (
			);
			dependencies = (
			);
			name = "Alert Test";
			productName = "Alert Test";
			productReference = 802027341EC1E1EA0084C8AF /* Alert Test.app */;
			productType = "com.apple.product-type.application";
		};
/* End PBXNativeTarget section */

/* Begin PBXProject section */
		8020272C1EC1E1EA0084C8AF /* Project object */ = {
			isa = PBXProject;
			attributes = {
				LastSwiftUpdateCheck = 0830;
				LastUpgradeCheck = 0830;
				ORGANIZATIONNAME = "sharon mcdermott";
				TargetAttributes = {
					802027331EC1E1EA0084C8AF = {
						CreatedOnToolsVersion = 8.3.2;
						DevelopmentTeam = E24NELMJLG;
						ProvisioningStyle = Automatic;
					};
				};
			};
			buildConfigurationList = 8020272F1EC1E1EA0084C8AF /* Build configuration list for PBXProject "Alert Test" */;
			compatibilityVersion = "Xcode 3.2";
			developmentRegion = English;
			hasScannedForEncodings = 0;
			knownRegions = (
				en,
				Base,
			);
			mainGroup = 8020272B1EC1E1EA0084C8AF;
			productRefGroup = 802027351EC1E1EA0084C8AF /* Products */;
			projectDirPath = "";
			projectRoot = "";
			targets = (
				802027331EC1E1EA0084C8AF /* Alert Test */,
			);
		};
/* End PBXProject section */

/* Begin PBXResourcesBuildPhase section */
		802027321EC1E1EA0084C8AF /* Resources */ = {
			isa = PBXResourcesBuildPhase;
			buildActionMask = 2147483647;
			files = (
				802027421EC1E1EA0084C8AF /* LaunchScreen.storyboard in Resources */,
				8020273F1EC1E1EA0084C8AF /* Assets.xcassets in Resources */,
				8020273D1EC1E1EA0084C8AF /* Main.storyboard in Resources */,
			);
			runOnlyForDeploymentPostprocessing = 0;
		};
/* End PBXResourcesBuildPhase section */

/* Begin PBXSourcesBuildPhase section */
		802027301EC1E1EA0084C8AF /* Sources */ = {
			isa = PBXSourcesBuildPhase;
			buildActionMask = 2147483647;
			files = (
				8020273A1EC1E1EA0084C8AF /* ViewController.swift in Sources */,
				802027381EC1E1EA0084C8AF /* AppDelegate.swift in Sources */,
			);
			runOnlyForDeploymentPostprocessing = 0;
		};
/* End PBXSourcesBuildPhase section */

/* Begin PBXVariantGroup section */
		8020273B1EC1E1EA0084C8AF /* Main.storyboard */ = {
			isa = PBXVariantGroup;
			children = (
				8020273C1EC1E1EA0084C8AF /* Base */,
			);
			name = Main.storyboard;
			sourceTree = "<group>";
		};
		802027401EC1E1EA0084C8AF /* LaunchScreen.storyboard */ = {
			isa = PBXVariantGroup;
			children = (
				802027411EC1E1EA0084C8AF /* Base */,
			);
			name = LaunchScreen.storyboard;
			sourceTree = "<group>";
		};
/* End PBXVariantGroup section */

/* Begin XCBuildConfiguration section */
		802027441EC1E1EA0084C8AF /* Debug */ = {
			isa = XCBuildConfiguration;
			buildSettings = {
				ALWAYS_SEARCH_USER_PATHS = NO;
				CLANG_ANALYZER_NONNULL = YES;
				CLANG_ANALYZER_NUMBER_OBJECT_CONVERSION = YES_AGGRESSIVE;
				CLANG_CXX_LANGUAGE_STANDARD = "gnu++0x";
				CLANG_CXX_LIBRARY = "libc++";
				CLANG_ENABLE_MODULES = YES;
				CLANG_ENABLE_OBJC_ARC = YES;
				CLANG_WARN_BOOL_CONVERSION = YES;
				CLANG_WARN_CONSTANT_CONVERSION = YES;
				CLANG_WARN_DIRECT_OBJC_ISA_USAGE = YES_ERROR;
				CLANG_WARN_DOCUMENTATION_COMMENTS = YES;
				CLANG_WARN_EMPTY_BODY = YES;
				CLANG_WARN_ENUM_CONVERSION = YES;
				CLANG_WARN_INFINITE_RECURSION = YES;
				CLANG_WARN_INT_CONVERSION = YES;
				CLANG_WARN_OBJC_ROOT_CLASS = YES_ERROR;
				CLANG_WARN_SUSPICIOUS_MOVE = YES;
				CLANG_WARN_UNREACHABLE_CODE = YES;
				CLANG_WARN__DUPLICATE_METHOD_MATCH = YES;
				"CODE_SIGN_IDENTITY[sdk=iphoneos*]" = "iPhone Developer";
				COPY_PHASE_STRIP = NO;
				DEBUG_INFORMATION_FORMAT = dwarf;
				ENABLE_STRICT_OBJC_MSGSEND = YES;
				ENABLE_TESTABILITY = YES;
				GCC_C_LANGUAGE_STANDARD = gnu99;
				GCC_DYNAMIC_NO_PIC = NO;
				GCC_NO_COMMON_BLOCKS = YES;
				GCC_OPTIMIZATION_LEVEL = 0;
				GCC_PREPROCESSOR_DEFINITIONS = (
					"DEBUG=1",
					"$(inherited)",
				);
				GCC_WARN_64_TO_32_BIT_CONVERSION = YES;
				GCC_WARN_ABOUT_RETURN_TYPE = YES_ERROR;
				GCC_WARN_UNDECLARED_SELECTOR = YES;
				GCC_WARN_UNINITIALIZED_AUTOS = YES_AGGRESSIVE;
				GCC_WARN_UNUSED_FUNCTION = YES;
				GCC_WARN_UNUSED_VARIABLE = YES;
				IPHONEOS_DEPLOYMENT_TARGET = 10.3;
				MTL_ENABLE_DEBUG_INFO = YES;
				ONLY_ACTIVE_ARCH = YES;
				SDKROOT = iphoneos;
				SWIFT_ACTIVE_COMPILATION_CONDITIONS = DEBUG;
				SWIFT_OPTIMIZATION_LEVEL = "-Onone";
				TARGETED_DEVICE_FAMILY = "1,2";
			};
			name = Debug;
		};
		802027451EC1E1EA0084C8AF /* Release */ = {
			isa = XCBuildConfiguration;
			buildSettings = {
				ALWAYS_SEARCH_USER_PATHS = NO;
				CLANG_ANALYZER_NONNULL = YES;
				CLANG_ANALYZER_NUMBER_OBJECT_CONVERSION = YES_AGGRESSIVE;
				CLANG_CXX_LANGUAGE_STANDARD = "gnu++0x";
				CLANG_CXX_LIBRARY = "libc++";
				CLANG_ENABLE_MODULES = YES;
				CLANG_ENABLE_OBJC_ARC = YES;
				CLANG_WARN_BOOL_CONVERSION = YES;
				CLANG_WARN_CONSTANT_CONVERSION = YES;
				CLANG_WARN_DIRECT_OBJC_ISA_USAGE = YES_ERROR;
				CLANG_WARN_DOCUMENTATION_COMMENTS = YES;
				CLANG_WARN_EMPTY_BODY = YES;
				CLANG_WARN_ENUM_CONVERSION = YES;
				CLANG_WARN_INFINITE_RECURSION = YES;
				CLANG_WARN_INT_CONVERSION = YES;
				CLANG_WARN_OBJC_ROOT_CLASS = YES_ERROR;
				CLANG_WARN_SUSPICIOUS_MOVE = YES;
				CLANG_WARN_UNREACHABLE_CODE = YES;
				CLANG_WARN__DUPLICATE_METHOD_MATCH = YES;
				"CODE_SIGN_IDENTITY[sdk=iphoneos*]" = "iPhone Developer";
				COPY_PHASE_STRIP = NO;
				DEBUG_INFORMATION_FORMAT = "dwarf-with-dsym";
				ENABLE_NS_ASSERTIONS = NO;
				ENABLE_STRICT_OBJC_MSGSEND = YES;
				GCC_C_LANGUAGE_STANDARD = gnu99;
				GCC_NO_COMMON_BLOCKS = YES;
				GCC_WARN_64_TO_32_BIT_CONVERSION = YES;
				GCC_WARN_ABOUT_RETURN_TYPE = YES_ERROR;
				GCC_WARN_UNDECLARED_SELECTOR = YES;
				GCC_WARN_UNINITIALIZED_AUTOS = YES_AGGRESSIVE;
				GCC_WARN_UNUSED_FUNCTION = YES;
				GCC_WARN_UNUSED_VARIABLE = YES;
				IPHONEOS_DEPLOYMENT_TARGET = 10.3;
				MTL_ENABLE_DEBUG_INFO = NO;
				SDKROOT = iphoneos;
				SWIFT_OPTIMIZATION_LEVEL = "-Owholemodule";
				TARGETED_DEVICE_FAMILY = "1,2";
				VALIDATE_PRODUCT = YES;
			};
			name = Release;
		};
		802027471EC1E1EA0084C8AF /* Debug */ = {
			isa = XCBuildConfiguration;
			buildSettings = {
				ASSETCATALOG_COMPILER_APPICON_NAME = AppIcon;
				DEVELOPMENT_TEAM = E24NELMJLG;
				INFOPLIST_FILE = "Alert Test/Info.plist";
				LD_RUNPATH_SEARCH_PATHS = "$(inherited) @executable_path/Frameworks";
				PRODUCT_BUNDLE_IDENTIFIER = "com.sharonmcdermott.Alert-Test";
				PRODUCT_NAME = "$(TARGET_NAME)";
				SWIFT_VERSION = 3.0;
			};
			name = Debug;
		};
		802027481EC1E1EA0084C8AF /* Release */ = {
			isa = XCBuildConfiguration;
			buildSettings = {
				ASSETCATALOG_COMPILER_APPICON_NAME = AppIcon;
				DEVELOPMENT_TEAM = E24NELMJLG;
				INFOPLIST_FILE = "Alert Test/Info.plist";
				LD_RUNPATH_SEARCH_PATHS = "$(inherited) @executable_path/Frameworks";
				PRODUCT_BUNDLE_IDENTIFIER = "com.sharonmcdermott.Alert-Test";
				PRODUCT_NAME = "$(TARGET_NAME)";
				SWIFT_VERSION = 3.0;
			};
			name = Release;
		};
/* End XCBuildConfiguration section */

/* Begin XCConfigurationList section */
		8020272F1EC1E1EA0084C8AF /* Build configuration list for PBXProject "Alert Test" */ = {
			isa = XCConfigurationList;
			buildConfigurations = (
				802027441EC1E1EA0084C8AF /* Debug */,
				802027451EC1E1EA0084C8AF /* Release */,
			);
			defaultConfigurationIsVisible = 0;
			defaultConfigurationName = Release;
		};
		802027461EC1E1EA0084C8AF /* Build configuration list for PBXNativeTarget "Alert Test" */ = {
			isa = XCConfigurationList;
			buildConfigurations = (
				802027471EC1E1EA0084C8AF /* Debug */,
				802027481EC1E1EA0084C8AF /* Release */,
			);
			defaultConfigurationIsVisible = 0;
		};
/* End XCConfigurationList section */
	};
	rootObject = 8020272C1EC1E1EA0084C8AF /* Project object */;
}
